// !$*UTF8*$!
{
	archiveVersion = 1;
	classes = {
	};
	objectVersion = 51;
	objects = {

/* Begin PBXBuildFile section */
		372F025823CE492E006DB894 /* Countries.json in Resources */ = {isa = PBXBuildFile; fileRef = 372F025723CE492E006DB894 /* Countries.json */; };
		372F025C23CEF20D006DB894 /* ApiServiceCitiesTests.swift in Sources */ = {isa = PBXBuildFile; fileRef = 372F025B23CEF20D006DB894 /* ApiServiceCitiesTests.swift */; };
		372F025E23CEF21F006DB894 /* ApiServiceLatestMeasuresTests.swift in Sources */ = {isa = PBXBuildFile; fileRef = 372F025D23CEF21F006DB894 /* ApiServiceLatestMeasuresTests.swift */; };
		372F026023CEF4FD006DB894 /* Cities.json in Resources */ = {isa = PBXBuildFile; fileRef = 372F025F23CEF4FD006DB894 /* Cities.json */; };
		372F026223CEF653006DB894 /* LatestMeasures.json in Resources */ = {isa = PBXBuildFile; fileRef = 372F026123CEF653006DB894 /* LatestMeasures.json */; };
		372F026623D04A9B006DB894 /* Raleway-Medium.ttf in Resources */ = {isa = PBXBuildFile; fileRef = 372F026523D04A9B006DB894 /* Raleway-Medium.ttf */; };
		372F026823D04AAA006DB894 /* Raleway-Light.ttf in Resources */ = {isa = PBXBuildFile; fileRef = 372F026723D04AAA006DB894 /* Raleway-Light.ttf */; };
		372F026A23D06B33006DB894 /* TabBarViewController.swift in Sources */ = {isa = PBXBuildFile; fileRef = 372F026923D06B33006DB894 /* TabBarViewController.swift */; };
		372F026C23D1B4EC006DB894 /* QualityWhiteView.swift in Sources */ = {isa = PBXBuildFile; fileRef = 372F026B23D1B4EC006DB894 /* QualityWhiteView.swift */; };
		372F026E23D1B938006DB894 /* CitiesBlackView.swift in Sources */ = {isa = PBXBuildFile; fileRef = 372F026D23D1B937006DB894 /* CitiesBlackView.swift */; };
		37325C9623C472ED007EE0B9 /* GoogleService-Info.plist in Resources */ = {isa = PBXBuildFile; fileRef = 37325C9523C472ED007EE0B9 /* GoogleService-Info.plist */; };
		37325C9723C472ED007EE0B9 /* GoogleService-Info.plist in Resources */ = {isa = PBXBuildFile; fileRef = 37325C9523C472ED007EE0B9 /* GoogleService-Info.plist */; };
		37325CA123C723A2007EE0B9 /* MyCitiesViewController.swift in Sources */ = {isa = PBXBuildFile; fileRef = 37325CA023C723A2007EE0B9 /* MyCitiesViewController.swift */; };
		37325CA323C7326E007EE0B9 /* PresentFavoritesCell.swift in Sources */ = {isa = PBXBuildFile; fileRef = 37325CA223C7326E007EE0B9 /* PresentFavoritesCell.swift */; };
		37352ED123DD77A7004558D2 /* QualityView.swift in Sources */ = {isa = PBXBuildFile; fileRef = 37352ED023DD77A7004558D2 /* QualityView.swift */; };
		37365A2923B0CCBE0072EA90 /* Countries.swift in Sources */ = {isa = PBXBuildFile; fileRef = 37365A2823B0CCBE0072EA90 /* Countries.swift */; };
		37365A2D23B0CFF50072EA90 /* Cities.swift in Sources */ = {isa = PBXBuildFile; fileRef = 37365A2C23B0CFF50072EA90 /* Cities.swift */; };
		37365A2F23B0D4AB0072EA90 /* LatestMeasures.swift in Sources */ = {isa = PBXBuildFile; fileRef = 37365A2E23B0D4AB0072EA90 /* LatestMeasures.swift */; };
		37365A3123B11A410072EA90 /* ApiServiceCountries.swift in Sources */ = {isa = PBXBuildFile; fileRef = 37365A3023B11A410072EA90 /* ApiServiceCountries.swift */; };
		37365A3323B11ACE0072EA90 /* Errors.swift in Sources */ = {isa = PBXBuildFile; fileRef = 37365A3223B11ACE0072EA90 /* Errors.swift */; };
		37365A3523B132070072EA90 /* ListCountries.swift in Sources */ = {isa = PBXBuildFile; fileRef = 37365A3423B132070072EA90 /* ListCountries.swift */; };
		37365A3723B133470072EA90 /* ListCountriesService.swift in Sources */ = {isa = PBXBuildFile; fileRef = 37365A3623B133470072EA90 /* ListCountriesService.swift */; };
		3737AE0023D9DC160025E862 /* PopUpView.swift in Sources */ = {isa = PBXBuildFile; fileRef = 3737ADFF23D9DC160025E862 /* PopUpView.swift */; };
		3737AE0423D9FB7F0025E862 /* CircleButtonView.swift in Sources */ = {isa = PBXBuildFile; fileRef = 3737AE0323D9FB7F0025E862 /* CircleButtonView.swift */; };
		37524B3323C8EEB100EFFA79 /* CityDetailViewController.swift in Sources */ = {isa = PBXBuildFile; fileRef = 37524B3223C8EEB100EFFA79 /* CityDetailViewController.swift */; };
		37524B3523C9B72700EFFA79 /* String+Shared.swift in Sources */ = {isa = PBXBuildFile; fileRef = 37524B3423C9B72700EFFA79 /* String+Shared.swift */; };
		37524B3723CC816F00EFFA79 /* MeasuresFavorite.swift in Sources */ = {isa = PBXBuildFile; fileRef = 37524B3623CC816F00EFFA79 /* MeasuresFavorite.swift */; };
		3773E16123E6B47F007F8E65 /* CheckCountry.swift in Sources */ = {isa = PBXBuildFile; fileRef = 3773E16023E6B47F007F8E65 /* CheckCountry.swift */; };
		379163E123B22411008A848F /* SettingsViewController.swift in Sources */ = {isa = PBXBuildFile; fileRef = 379163E023B22411008A848F /* SettingsViewController.swift */; };
		379163E323B24ED8008A848F /* UIViewController+Alert.swift in Sources */ = {isa = PBXBuildFile; fileRef = 379163E223B24ED8008A848F /* UIViewController+Alert.swift */; };
		379163E523B4AA34008A848F /* ApiServiceCities.swift in Sources */ = {isa = PBXBuildFile; fileRef = 379163E423B4AA34008A848F /* ApiServiceCities.swift */; };
		379163E923B4AA67008A848F /* ApiServiceLatestMeasures.swift in Sources */ = {isa = PBXBuildFile; fileRef = 379163E823B4AA67008A848F /* ApiServiceLatestMeasures.swift */; };
		379163EB23B4AF8C008A848F /* ListCities.swift in Sources */ = {isa = PBXBuildFile; fileRef = 379163EA23B4AF8C008A848F /* ListCities.swift */; };
		379163ED23B4B0FE008A848F /* ListCitiesService.swift in Sources */ = {isa = PBXBuildFile; fileRef = 379163EC23B4B0FE008A848F /* ListCitiesService.swift */; };
		379163EF23B4E166008A848F /* CitiesViewController.swift in Sources */ = {isa = PBXBuildFile; fileRef = 379163EE23B4E166008A848F /* CitiesViewController.swift */; };
		379163F123B4EDD7008A848F /* PresentCitiesCell.swift in Sources */ = {isa = PBXBuildFile; fileRef = 379163F023B4EDD7008A848F /* PresentCitiesCell.swift */; };
		3799340023D9CFD600014238 /* PollutantsPopUpViewController.swift in Sources */ = {isa = PBXBuildFile; fileRef = 379933FF23D9CFD600014238 /* PollutantsPopUpViewController.swift */; };
		37A358F623D5E8790039A753 /* SegmentedController.swift in Sources */ = {isa = PBXBuildFile; fileRef = 37A358F523D5E8790039A753 /* SegmentedController.swift */; };
		37C8315A23BB9A440030FE9B /* URL+Shared.swift in Sources */ = {isa = PBXBuildFile; fileRef = 37C8315923BB9A440030FE9B /* URL+Shared.swift */; };
		37C8315C23BB9F470030FE9B /* ListLatestMeasures.swift in Sources */ = {isa = PBXBuildFile; fileRef = 37C8315B23BB9F470030FE9B /* ListLatestMeasures.swift */; };
		37C8315E23BC97770030FE9B /* ListLatestMeasuresService.swift in Sources */ = {isa = PBXBuildFile; fileRef = 37C8315D23BC97770030FE9B /* ListLatestMeasuresService.swift */; };
		37C8316023BCD3C30030FE9B /* Ozone.swift in Sources */ = {isa = PBXBuildFile; fileRef = 37C8315F23BCD3C30030FE9B /* Ozone.swift */; };
		37C8316223BCD5E20030FE9B /* SulfurDioxide.swift in Sources */ = {isa = PBXBuildFile; fileRef = 37C8316123BCD5E20030FE9B /* SulfurDioxide.swift */; };
		37C8316423BCD6290030FE9B /* CarbonMonoxide.swift in Sources */ = {isa = PBXBuildFile; fileRef = 37C8316323BCD6290030FE9B /* CarbonMonoxide.swift */; };
		37C8316623BCD64A0030FE9B /* NitrogenDioxide.swift in Sources */ = {isa = PBXBuildFile; fileRef = 37C8316523BCD64A0030FE9B /* NitrogenDioxide.swift */; };
		37C8316823BCD66B0030FE9B /* ParticulateTen.swift in Sources */ = {isa = PBXBuildFile; fileRef = 37C8316723BCD66B0030FE9B /* ParticulateTen.swift */; };
		37C8316A23BCD69A0030FE9B /* ParticulateTwoFive.swift in Sources */ = {isa = PBXBuildFile; fileRef = 37C8316923BCD69A0030FE9B /* ParticulateTwoFive.swift */; };
		37C8316C23BCDB860030FE9B /* QualityLevel.swift in Sources */ = {isa = PBXBuildFile; fileRef = 37C8316B23BCDB860030FE9B /* QualityLevel.swift */; };
		37CBDAB223DD83F2000B7A43 /* ListLatestMeasuresDetailService.swift in Sources */ = {isa = PBXBuildFile; fileRef = 37CBDAB123DD83F2000B7A43 /* ListLatestMeasuresDetailService.swift */; };
		37CC40E923A767C000CC1D19 /* AppDelegate.swift in Sources */ = {isa = PBXBuildFile; fileRef = 37CC40E823A767C000CC1D19 /* AppDelegate.swift */; };
		37CC40F023A767C000CC1D19 /* Main.storyboard in Resources */ = {isa = PBXBuildFile; fileRef = 37CC40EE23A767C000CC1D19 /* Main.storyboard */; };
		37CC40F523A767C200CC1D19 /* Assets.xcassets in Resources */ = {isa = PBXBuildFile; fileRef = 37CC40F423A767C200CC1D19 /* Assets.xcassets */; };
		37CC40F823A767C200CC1D19 /* LaunchScreen.storyboard in Resources */ = {isa = PBXBuildFile; fileRef = 37CC40F623A767C200CC1D19 /* LaunchScreen.storyboard */; };
		37CC410323A767C200CC1D19 /* ApiServiceCountriesTests.swift in Sources */ = {isa = PBXBuildFile; fileRef = 37CC410223A767C200CC1D19 /* ApiServiceCountriesTests.swift */; };
		37F60C7A23D384B7001C5399 /* IndicesMax.swift in Sources */ = {isa = PBXBuildFile; fileRef = 37F60C7923D384B7001C5399 /* IndicesMax.swift */; };
		37F60C7C23D46113001C5399 /* Settings.swift in Sources */ = {isa = PBXBuildFile; fileRef = 37F60C7B23D46113001C5399 /* Settings.swift */; };
		4F57DC7E7FC8694903B9C344 /* Pods_AirServiceTests.framework in Frameworks */ = {isa = PBXBuildFile; fileRef = DAA7E7AD97DF6A7D82BDA4DB /* Pods_AirServiceTests.framework */; };
		D109CDD35C56A1292C83DCB6 /* Pods_AirService.framework in Frameworks */ = {isa = PBXBuildFile; fileRef = EC1242151BD198F6F8D917B8 /* Pods_AirService.framework */; };
/* End PBXBuildFile section */

/* Begin PBXContainerItemProxy section */
		37CC40FF23A767C200CC1D19 /* PBXContainerItemProxy */ = {
			isa = PBXContainerItemProxy;
			containerPortal = 37CC40DD23A767C000CC1D19 /* Project object */;
			proxyType = 1;
			remoteGlobalIDString = 37CC40E423A767C000CC1D19;
			remoteInfo = AirService;
		};
/* End PBXContainerItemProxy section */

/* Begin PBXFileReference section */
		2C32AFBA6D5C7AFA72E83A7B /* Pods-AirService.debug.xcconfig */ = {isa = PBXFileReference; includeInIndex = 1; lastKnownFileType = text.xcconfig; name = "Pods-AirService.debug.xcconfig"; path = "Target Support Files/Pods-AirService/Pods-AirService.debug.xcconfig"; sourceTree = "<group>"; };
		372F025723CE492E006DB894 /* Countries.json */ = {isa = PBXFileReference; lastKnownFileType = text.json; path = Countries.json; sourceTree = "<group>"; };
		372F025B23CEF20D006DB894 /* ApiServiceCitiesTests.swift */ = {isa = PBXFileReference; lastKnownFileType = sourcecode.swift; path = ApiServiceCitiesTests.swift; sourceTree = "<group>"; };
		372F025D23CEF21F006DB894 /* ApiServiceLatestMeasuresTests.swift */ = {isa = PBXFileReference; lastKnownFileType = sourcecode.swift; path = ApiServiceLatestMeasuresTests.swift; sourceTree = "<group>"; };
		372F025F23CEF4FD006DB894 /* Cities.json */ = {isa = PBXFileReference; lastKnownFileType = text.json; path = Cities.json; sourceTree = "<group>"; };
		372F026123CEF653006DB894 /* LatestMeasures.json */ = {isa = PBXFileReference; lastKnownFileType = text.json; path = LatestMeasures.json; sourceTree = "<group>"; };
		372F026523D04A9B006DB894 /* Raleway-Medium.ttf */ = {isa = PBXFileReference; lastKnownFileType = file; name = "Raleway-Medium.ttf"; path = "../../../../../../../Desktop/Raleway/Raleway-Medium.ttf"; sourceTree = "<group>"; };
		372F026723D04AAA006DB894 /* Raleway-Light.ttf */ = {isa = PBXFileReference; lastKnownFileType = file; name = "Raleway-Light.ttf"; path = "../../../../../../../Desktop/Raleway/Raleway-Light.ttf"; sourceTree = "<group>"; };
		372F026923D06B33006DB894 /* TabBarViewController.swift */ = {isa = PBXFileReference; lastKnownFileType = sourcecode.swift; path = TabBarViewController.swift; sourceTree = "<group>"; };
		372F026B23D1B4EC006DB894 /* QualityWhiteView.swift */ = {isa = PBXFileReference; lastKnownFileType = sourcecode.swift; path = QualityWhiteView.swift; sourceTree = "<group>"; };
		372F026D23D1B937006DB894 /* CitiesBlackView.swift */ = {isa = PBXFileReference; lastKnownFileType = sourcecode.swift; path = CitiesBlackView.swift; sourceTree = "<group>"; };
		37325C9523C472ED007EE0B9 /* GoogleService-Info.plist */ = {isa = PBXFileReference; fileEncoding = 4; lastKnownFileType = text.plist.xml; path = "GoogleService-Info.plist"; sourceTree = "<group>"; };
		37325CA023C723A2007EE0B9 /* MyCitiesViewController.swift */ = {isa = PBXFileReference; lastKnownFileType = sourcecode.swift; path = MyCitiesViewController.swift; sourceTree = "<group>"; };
		37325CA223C7326E007EE0B9 /* PresentFavoritesCell.swift */ = {isa = PBXFileReference; lastKnownFileType = sourcecode.swift; path = PresentFavoritesCell.swift; sourceTree = "<group>"; };
		37352ED023DD77A7004558D2 /* QualityView.swift */ = {isa = PBXFileReference; lastKnownFileType = sourcecode.swift; path = QualityView.swift; sourceTree = "<group>"; };
		37365A2823B0CCBE0072EA90 /* Countries.swift */ = {isa = PBXFileReference; lastKnownFileType = sourcecode.swift; path = Countries.swift; sourceTree = "<group>"; };
		37365A2C23B0CFF50072EA90 /* Cities.swift */ = {isa = PBXFileReference; lastKnownFileType = sourcecode.swift; path = Cities.swift; sourceTree = "<group>"; };
		37365A2E23B0D4AB0072EA90 /* LatestMeasures.swift */ = {isa = PBXFileReference; lastKnownFileType = sourcecode.swift; path = LatestMeasures.swift; sourceTree = "<group>"; };
		37365A3023B11A410072EA90 /* ApiServiceCountries.swift */ = {isa = PBXFileReference; lastKnownFileType = sourcecode.swift; path = ApiServiceCountries.swift; sourceTree = "<group>"; };
		37365A3223B11ACE0072EA90 /* Errors.swift */ = {isa = PBXFileReference; lastKnownFileType = sourcecode.swift; path = Errors.swift; sourceTree = "<group>"; };
		37365A3423B132070072EA90 /* ListCountries.swift */ = {isa = PBXFileReference; lastKnownFileType = sourcecode.swift; path = ListCountries.swift; sourceTree = "<group>"; };
		37365A3623B133470072EA90 /* ListCountriesService.swift */ = {isa = PBXFileReference; lastKnownFileType = sourcecode.swift; path = ListCountriesService.swift; sourceTree = "<group>"; };
		3737ADFF23D9DC160025E862 /* PopUpView.swift */ = {isa = PBXFileReference; lastKnownFileType = sourcecode.swift; path = PopUpView.swift; sourceTree = "<group>"; };
		3737AE0323D9FB7F0025E862 /* CircleButtonView.swift */ = {isa = PBXFileReference; lastKnownFileType = sourcecode.swift; path = CircleButtonView.swift; sourceTree = "<group>"; };
		37524B3223C8EEB100EFFA79 /* CityDetailViewController.swift */ = {isa = PBXFileReference; lastKnownFileType = sourcecode.swift; path = CityDetailViewController.swift; sourceTree = "<group>"; };
		37524B3423C9B72700EFFA79 /* String+Shared.swift */ = {isa = PBXFileReference; lastKnownFileType = sourcecode.swift; path = "String+Shared.swift"; sourceTree = "<group>"; };
		37524B3623CC816F00EFFA79 /* MeasuresFavorite.swift */ = {isa = PBXFileReference; lastKnownFileType = sourcecode.swift; path = MeasuresFavorite.swift; sourceTree = "<group>"; };
		3773E16023E6B47F007F8E65 /* CheckCountry.swift */ = {isa = PBXFileReference; lastKnownFileType = sourcecode.swift; path = CheckCountry.swift; sourceTree = "<group>"; };
		379163E023B22411008A848F /* SettingsViewController.swift */ = {isa = PBXFileReference; lastKnownFileType = sourcecode.swift; path = SettingsViewController.swift; sourceTree = "<group>"; };
		379163E223B24ED8008A848F /* UIViewController+Alert.swift */ = {isa = PBXFileReference; lastKnownFileType = sourcecode.swift; path = "UIViewController+Alert.swift"; sourceTree = "<group>"; };
		379163E423B4AA34008A848F /* ApiServiceCities.swift */ = {isa = PBXFileReference; lastKnownFileType = sourcecode.swift; path = ApiServiceCities.swift; sourceTree = "<group>"; };
		379163E823B4AA67008A848F /* ApiServiceLatestMeasures.swift */ = {isa = PBXFileReference; lastKnownFileType = sourcecode.swift; path = ApiServiceLatestMeasures.swift; sourceTree = "<group>"; };
		379163EA23B4AF8C008A848F /* ListCities.swift */ = {isa = PBXFileReference; lastKnownFileType = sourcecode.swift; path = ListCities.swift; sourceTree = "<group>"; };
		379163EC23B4B0FE008A848F /* ListCitiesService.swift */ = {isa = PBXFileReference; lastKnownFileType = sourcecode.swift; path = ListCitiesService.swift; sourceTree = "<group>"; };
		379163EE23B4E166008A848F /* CitiesViewController.swift */ = {isa = PBXFileReference; lastKnownFileType = sourcecode.swift; path = CitiesViewController.swift; sourceTree = "<group>"; };
		379163F023B4EDD7008A848F /* PresentCitiesCell.swift */ = {isa = PBXFileReference; lastKnownFileType = sourcecode.swift; path = PresentCitiesCell.swift; sourceTree = "<group>"; };
		379933FF23D9CFD600014238 /* PollutantsPopUpViewController.swift */ = {isa = PBXFileReference; lastKnownFileType = sourcecode.swift; path = PollutantsPopUpViewController.swift; sourceTree = "<group>"; };
		37A358F523D5E8790039A753 /* SegmentedController.swift */ = {isa = PBXFileReference; lastKnownFileType = sourcecode.swift; path = SegmentedController.swift; sourceTree = "<group>"; };
		37B15CBBA4D1FEAF1D7F1CB2 /* Pods-AirServiceTests.debug.xcconfig */ = {isa = PBXFileReference; includeInIndex = 1; lastKnownFileType = text.xcconfig; name = "Pods-AirServiceTests.debug.xcconfig"; path = "Target Support Files/Pods-AirServiceTests/Pods-AirServiceTests.debug.xcconfig"; sourceTree = "<group>"; };
		37C8315923BB9A440030FE9B /* URL+Shared.swift */ = {isa = PBXFileReference; lastKnownFileType = sourcecode.swift; path = "URL+Shared.swift"; sourceTree = "<group>"; };
		37C8315B23BB9F470030FE9B /* ListLatestMeasures.swift */ = {isa = PBXFileReference; lastKnownFileType = sourcecode.swift; path = ListLatestMeasures.swift; sourceTree = "<group>"; };
		37C8315D23BC97770030FE9B /* ListLatestMeasuresService.swift */ = {isa = PBXFileReference; lastKnownFileType = sourcecode.swift; path = ListLatestMeasuresService.swift; sourceTree = "<group>"; };
		37C8315F23BCD3C30030FE9B /* Ozone.swift */ = {isa = PBXFileReference; lastKnownFileType = sourcecode.swift; path = Ozone.swift; sourceTree = "<group>"; };
		37C8316123BCD5E20030FE9B /* SulfurDioxide.swift */ = {isa = PBXFileReference; lastKnownFileType = sourcecode.swift; path = SulfurDioxide.swift; sourceTree = "<group>"; };
		37C8316323BCD6290030FE9B /* CarbonMonoxide.swift */ = {isa = PBXFileReference; lastKnownFileType = sourcecode.swift; path = CarbonMonoxide.swift; sourceTree = "<group>"; };
		37C8316523BCD64A0030FE9B /* NitrogenDioxide.swift */ = {isa = PBXFileReference; lastKnownFileType = sourcecode.swift; path = NitrogenDioxide.swift; sourceTree = "<group>"; };
		37C8316723BCD66B0030FE9B /* ParticulateTen.swift */ = {isa = PBXFileReference; lastKnownFileType = sourcecode.swift; path = ParticulateTen.swift; sourceTree = "<group>"; };
		37C8316923BCD69A0030FE9B /* ParticulateTwoFive.swift */ = {isa = PBXFileReference; lastKnownFileType = sourcecode.swift; path = ParticulateTwoFive.swift; sourceTree = "<group>"; };
		37C8316B23BCDB860030FE9B /* QualityLevel.swift */ = {isa = PBXFileReference; lastKnownFileType = sourcecode.swift; path = QualityLevel.swift; sourceTree = "<group>"; };
		37CBDAB123DD83F2000B7A43 /* ListLatestMeasuresDetailService.swift */ = {isa = PBXFileReference; lastKnownFileType = sourcecode.swift; path = ListLatestMeasuresDetailService.swift; sourceTree = "<group>"; };
		37CC40E523A767C000CC1D19 /* AirService.app */ = {isa = PBXFileReference; explicitFileType = wrapper.application; includeInIndex = 0; path = AirService.app; sourceTree = BUILT_PRODUCTS_DIR; };
		37CC40E823A767C000CC1D19 /* AppDelegate.swift */ = {isa = PBXFileReference; lastKnownFileType = sourcecode.swift; path = AppDelegate.swift; sourceTree = "<group>"; };
		37CC40EF23A767C000CC1D19 /* Base */ = {isa = PBXFileReference; lastKnownFileType = file.storyboard; name = Base; path = Base.lproj/Main.storyboard; sourceTree = "<group>"; };
		37CC40F423A767C200CC1D19 /* Assets.xcassets */ = {isa = PBXFileReference; lastKnownFileType = folder.assetcatalog; path = Assets.xcassets; sourceTree = "<group>"; };
		37CC40F723A767C200CC1D19 /* Base */ = {isa = PBXFileReference; lastKnownFileType = file.storyboard; name = Base; path = Base.lproj/LaunchScreen.storyboard; sourceTree = "<group>"; };
		37CC40F923A767C200CC1D19 /* Info.plist */ = {isa = PBXFileReference; lastKnownFileType = text.plist.xml; path = Info.plist; sourceTree = "<group>"; };
		37CC40FE23A767C200CC1D19 /* AirServiceTests.xctest */ = {isa = PBXFileReference; explicitFileType = wrapper.cfbundle; includeInIndex = 0; path = AirServiceTests.xctest; sourceTree = BUILT_PRODUCTS_DIR; };
		37CC410223A767C200CC1D19 /* ApiServiceCountriesTests.swift */ = {isa = PBXFileReference; lastKnownFileType = sourcecode.swift; path = ApiServiceCountriesTests.swift; sourceTree = "<group>"; };
		37CC410423A767C200CC1D19 /* Info.plist */ = {isa = PBXFileReference; lastKnownFileType = text.plist.xml; path = Info.plist; sourceTree = "<group>"; };
		37F60C7923D384B7001C5399 /* IndicesMax.swift */ = {isa = PBXFileReference; lastKnownFileType = sourcecode.swift; path = IndicesMax.swift; sourceTree = "<group>"; };
		37F60C7B23D46113001C5399 /* Settings.swift */ = {isa = PBXFileReference; lastKnownFileType = sourcecode.swift; path = Settings.swift; sourceTree = "<group>"; };
		3F811413E2CBF19803E0BF8C /* Pods-AirServiceTests.release.xcconfig */ = {isa = PBXFileReference; includeInIndex = 1; lastKnownFileType = text.xcconfig; name = "Pods-AirServiceTests.release.xcconfig"; path = "Target Support Files/Pods-AirServiceTests/Pods-AirServiceTests.release.xcconfig"; sourceTree = "<group>"; };
		924833D78FC6F7E3A949BE2E /* Pods-AirService.release.xcconfig */ = {isa = PBXFileReference; includeInIndex = 1; lastKnownFileType = text.xcconfig; name = "Pods-AirService.release.xcconfig"; path = "Target Support Files/Pods-AirService/Pods-AirService.release.xcconfig"; sourceTree = "<group>"; };
		DAA7E7AD97DF6A7D82BDA4DB /* Pods_AirServiceTests.framework */ = {isa = PBXFileReference; explicitFileType = wrapper.framework; includeInIndex = 0; path = Pods_AirServiceTests.framework; sourceTree = BUILT_PRODUCTS_DIR; };
		EC1242151BD198F6F8D917B8 /* Pods_AirService.framework */ = {isa = PBXFileReference; explicitFileType = wrapper.framework; includeInIndex = 0; path = Pods_AirService.framework; sourceTree = BUILT_PRODUCTS_DIR; };
/* End PBXFileReference section */

/* Begin PBXFrameworksBuildPhase section */
		37CC40E223A767C000CC1D19 /* Frameworks */ = {
			isa = PBXFrameworksBuildPhase;
			buildActionMask = 2147483647;
			files = (
				D109CDD35C56A1292C83DCB6 /* Pods_AirService.framework in Frameworks */,
			);
			runOnlyForDeploymentPostprocessing = 0;
		};
		37CC40FB23A767C200CC1D19 /* Frameworks */ = {
			isa = PBXFrameworksBuildPhase;
			buildActionMask = 2147483647;
			files = (
				4F57DC7E7FC8694903B9C344 /* Pods_AirServiceTests.framework in Frameworks */,
			);
			runOnlyForDeploymentPostprocessing = 0;
		};
/* End PBXFrameworksBuildPhase section */

/* Begin PBXGroup section */
		379933F223D9ABD000014238 /* Settings */ = {
			isa = PBXGroup;
			children = (
				379933F723D9AC1800014238 /* Model */,
				379933F623D9AC1000014238 /* View */,
				379933F523D9AC0500014238 /* Controller */,
			);
			path = Settings;
			sourceTree = "<group>";
		};
		379933F323D9ABE100014238 /* Cities */ = {
			isa = PBXGroup;
			children = (
				379933FA23D9AC5D00014238 /* Model */,
				379933F923D9AC5600014238 /* View */,
				379933F823D9AC4E00014238 /* Controller */,
			);
			path = Cities;
			sourceTree = "<group>";
		};
		379933F423D9ABF100014238 /* Favorites */ = {
			isa = PBXGroup;
			children = (
				379933FD23D9AC9F00014238 /* Model */,
				379933FC23D9AC9800014238 /* View */,
				379933FB23D9AC9100014238 /* Controller */,
			);
			path = Favorites;
			sourceTree = "<group>";
		};
		379933F523D9AC0500014238 /* Controller */ = {
			isa = PBXGroup;
			children = (
				37A358F523D5E8790039A753 /* SegmentedController.swift */,
			);
			path = Controller;
			sourceTree = "<group>";
		};
		379933F623D9AC1000014238 /* View */ = {
			isa = PBXGroup;
			children = (
				379163E023B22411008A848F /* SettingsViewController.swift */,
			);
			path = View;
			sourceTree = "<group>";
		};
		379933F723D9AC1800014238 /* Model */ = {
			isa = PBXGroup;
			children = (
				37365A3023B11A410072EA90 /* ApiServiceCountries.swift */,
				37365A2823B0CCBE0072EA90 /* Countries.swift */,
				37365A3623B133470072EA90 /* ListCountriesService.swift */,
				37365A3423B132070072EA90 /* ListCountries.swift */,
				37F60C7B23D46113001C5399 /* Settings.swift */,
			);
			path = Model;
			sourceTree = "<group>";
		};
		379933F823D9AC4E00014238 /* Controller */ = {
			isa = PBXGroup;
			children = (
				379163EE23B4E166008A848F /* CitiesViewController.swift */,
			);
			path = Controller;
			sourceTree = "<group>";
		};
		379933F923D9AC5600014238 /* View */ = {
			isa = PBXGroup;
			children = (
				379163F023B4EDD7008A848F /* PresentCitiesCell.swift */,
				372F026D23D1B937006DB894 /* CitiesBlackView.swift */,
			);
			path = View;
			sourceTree = "<group>";
		};
		379933FA23D9AC5D00014238 /* Model */ = {
			isa = PBXGroup;
			children = (
				379163E423B4AA34008A848F /* ApiServiceCities.swift */,
				37365A2C23B0CFF50072EA90 /* Cities.swift */,
				379163EC23B4B0FE008A848F /* ListCitiesService.swift */,
				379163EA23B4AF8C008A848F /* ListCities.swift */,
			);
			path = Model;
			sourceTree = "<group>";
		};
		379933FB23D9AC9100014238 /* Controller */ = {
			isa = PBXGroup;
			children = (
				37325CA023C723A2007EE0B9 /* MyCitiesViewController.swift */,
			);
			path = Controller;
			sourceTree = "<group>";
		};
		379933FC23D9AC9800014238 /* View */ = {
			isa = PBXGroup;
			children = (
				37325CA223C7326E007EE0B9 /* PresentFavoritesCell.swift */,
				372F026B23D1B4EC006DB894 /* QualityWhiteView.swift */,
				37352ED023DD77A7004558D2 /* QualityView.swift */,
			);
			path = View;
			sourceTree = "<group>";
		};
		379933FD23D9AC9F00014238 /* Model */ = {
			isa = PBXGroup;
			children = (
				379163E823B4AA67008A848F /* ApiServiceLatestMeasures.swift */,
				37365A2E23B0D4AB0072EA90 /* LatestMeasures.swift */,
				37C8315D23BC97770030FE9B /* ListLatestMeasuresService.swift */,
				37C8315B23BB9F470030FE9B /* ListLatestMeasures.swift */,
				37CBDAB123DD83F2000B7A43 /* ListLatestMeasuresDetailService.swift */,
				37524B3623CC816F00EFFA79 /* MeasuresFavorite.swift */,
				37C8316323BCD6290030FE9B /* CarbonMonoxide.swift */,
				37C8316523BCD64A0030FE9B /* NitrogenDioxide.swift */,
				37C8315F23BCD3C30030FE9B /* Ozone.swift */,
				37C8316723BCD66B0030FE9B /* ParticulateTen.swift */,
				37C8316923BCD69A0030FE9B /* ParticulateTwoFive.swift */,
				37C8316123BCD5E20030FE9B /* SulfurDioxide.swift */,
				37F60C7923D384B7001C5399 /* IndicesMax.swift */,
			);
			path = Model;
			sourceTree = "<group>";
		};
		379933FE23D9AF1000014238 /* Main */ = {
			isa = PBXGroup;
			children = (
				37CC410E23A76FB200CC1D19 /* Model */,
				37CC411023A76FC300CC1D19 /* View */,
				37CC410F23A76FBA00CC1D19 /* Controller */,
			);
			path = Main;
			sourceTree = "<group>";
		};
		37CC40DC23A767C000CC1D19 = {
			isa = PBXGroup;
			children = (
				37CC40E723A767C000CC1D19 /* AirService */,
				37CC410123A767C200CC1D19 /* AirServiceTests */,
				37CC40E623A767C000CC1D19 /* Products */,
				3EDEE9813B068B97B926E19A /* Pods */,
				6CB34DF4C190B810E07DF489 /* Frameworks */,
			);
			sourceTree = "<group>";
		};
		37CC40E623A767C000CC1D19 /* Products */ = {
			isa = PBXGroup;
			children = (
				37CC40E523A767C000CC1D19 /* AirService.app */,
				37CC40FE23A767C200CC1D19 /* AirServiceTests.xctest */,
			);
			name = Products;
			sourceTree = "<group>";
		};
		37CC40E723A767C000CC1D19 /* AirService */ = {
			isa = PBXGroup;
			children = (
				379933F323D9ABE100014238 /* Cities */,
				379933F423D9ABF100014238 /* Favorites */,
				379933F223D9ABD000014238 /* Settings */,
				379933FE23D9AF1000014238 /* Main */,
				37CC411123A76FFA00CC1D19 /* Supporting Files */,
			);
			path = AirService;
			sourceTree = "<group>";
		};
		37CC410123A767C200CC1D19 /* AirServiceTests */ = {
			isa = PBXGroup;
			children = (
				37CC410223A767C200CC1D19 /* ApiServiceCountriesTests.swift */,
				372F025723CE492E006DB894 /* Countries.json */,
				372F025B23CEF20D006DB894 /* ApiServiceCitiesTests.swift */,
				372F025F23CEF4FD006DB894 /* Cities.json */,
				372F025D23CEF21F006DB894 /* ApiServiceLatestMeasuresTests.swift */,
				372F026123CEF653006DB894 /* LatestMeasures.json */,
				37CC410423A767C200CC1D19 /* Info.plist */,
			);
			path = AirServiceTests;
			sourceTree = "<group>";
		};
		37CC410E23A76FB200CC1D19 /* Model */ = {
			isa = PBXGroup;
			children = (
				37C8316B23BCDB860030FE9B /* QualityLevel.swift */,
				37524B3423C9B72700EFFA79 /* String+Shared.swift */,
				37C8315923BB9A440030FE9B /* URL+Shared.swift */,
				3773E16023E6B47F007F8E65 /* CheckCountry.swift */,
			);
			path = Model;
			sourceTree = "<group>";
		};
		37CC410F23A76FBA00CC1D19 /* Controller */ = {
			isa = PBXGroup;
			children = (
				372F026923D06B33006DB894 /* TabBarViewController.swift */,
				37524B3223C8EEB100EFFA79 /* CityDetailViewController.swift */,
				379933FF23D9CFD600014238 /* PollutantsPopUpViewController.swift */,
				3737ADFF23D9DC160025E862 /* PopUpView.swift */,
				379163E223B24ED8008A848F /* UIViewController+Alert.swift */,
				37365A3223B11ACE0072EA90 /* Errors.swift */,
			);
			path = Controller;
			sourceTree = "<group>";
		};
		37CC411023A76FC300CC1D19 /* View */ = {
			isa = PBXGroup;
			children = (
				37CC40EE23A767C000CC1D19 /* Main.storyboard */,
				3737AE0323D9FB7F0025E862 /* CircleButtonView.swift */,
			);
			path = View;
			sourceTree = "<group>";
		};
		37CC411123A76FFA00CC1D19 /* Supporting Files */ = {
			isa = PBXGroup;
			children = (
				37CC40F423A767C200CC1D19 /* Assets.xcassets */,
				37CC40F623A767C200CC1D19 /* LaunchScreen.storyboard */,
				37CC40E823A767C000CC1D19 /* AppDelegate.swift */,
				37CC40F923A767C200CC1D19 /* Info.plist */,
				37325C9523C472ED007EE0B9 /* GoogleService-Info.plist */,
				372F026523D04A9B006DB894 /* Raleway-Medium.ttf */,
				372F026723D04AAA006DB894 /* Raleway-Light.ttf */,
			);
			path = "Supporting Files";
			sourceTree = "<group>";
		};
		3EDEE9813B068B97B926E19A /* Pods */ = {
			isa = PBXGroup;
			children = (
				2C32AFBA6D5C7AFA72E83A7B /* Pods-AirService.debug.xcconfig */,
				924833D78FC6F7E3A949BE2E /* Pods-AirService.release.xcconfig */,
				37B15CBBA4D1FEAF1D7F1CB2 /* Pods-AirServiceTests.debug.xcconfig */,
				3F811413E2CBF19803E0BF8C /* Pods-AirServiceTests.release.xcconfig */,
			);
			path = Pods;
			sourceTree = "<group>";
		};
		6CB34DF4C190B810E07DF489 /* Frameworks */ = {
			isa = PBXGroup;
			children = (
				EC1242151BD198F6F8D917B8 /* Pods_AirService.framework */,
				DAA7E7AD97DF6A7D82BDA4DB /* Pods_AirServiceTests.framework */,
			);
			name = Frameworks;
			sourceTree = "<group>";
		};
/* End PBXGroup section */

/* Begin PBXNativeTarget section */
		37CC40E423A767C000CC1D19 /* AirService */ = {
			isa = PBXNativeTarget;
			buildConfigurationList = 37CC410723A767C200CC1D19 /* Build configuration list for PBXNativeTarget "AirService" */;
			buildPhases = (
				8EC00DEE25240924A9C0303E /* [CP] Check Pods Manifest.lock */,
				37CC40E123A767C000CC1D19 /* Sources */,
				37CC40E223A767C000CC1D19 /* Frameworks */,
				37CC40E323A767C000CC1D19 /* Resources */,
				37CC410D23A769A600CC1D19 /* ShellScript */,
				9029644FADC1C4F728BC6AF1 /* [CP] Embed Pods Frameworks */,
				37325C9B23C64149007EE0B9 /* ShellScript */,
			);
			buildRules = (
			);
			dependencies = (
			);
			name = AirService;
			productName = AirService;
			productReference = 37CC40E523A767C000CC1D19 /* AirService.app */;
			productType = "com.apple.product-type.application";
		};
		37CC40FD23A767C200CC1D19 /* AirServiceTests */ = {
			isa = PBXNativeTarget;
			buildConfigurationList = 37CC410A23A767C200CC1D19 /* Build configuration list for PBXNativeTarget "AirServiceTests" */;
			buildPhases = (
				18C20523FBE0C3728BC0C4BF /* [CP] Check Pods Manifest.lock */,
				37CC40FA23A767C200CC1D19 /* Sources */,
				37CC40FB23A767C200CC1D19 /* Frameworks */,
				37CC40FC23A767C200CC1D19 /* Resources */,
				1DB3C489C719C28DB2A2AE11 /* [CP] Embed Pods Frameworks */,
			);
			buildRules = (
			);
			dependencies = (
				37CC410023A767C200CC1D19 /* PBXTargetDependency */,
			);
			name = AirServiceTests;
			productName = AirServiceTests;
			productReference = 37CC40FE23A767C200CC1D19 /* AirServiceTests.xctest */;
			productType = "com.apple.product-type.bundle.unit-test";
		};
/* End PBXNativeTarget section */

/* Begin PBXProject section */
		37CC40DD23A767C000CC1D19 /* Project object */ = {
			isa = PBXProject;
			attributes = {
				LastSwiftUpdateCheck = 1130;
				LastUpgradeCheck = 1130;
				ORGANIZATIONNAME = Philippe;
				TargetAttributes = {
					37CC40E423A767C000CC1D19 = {
						CreatedOnToolsVersion = 11.3;
					};
					37CC40FD23A767C200CC1D19 = {
						CreatedOnToolsVersion = 11.3;
						TestTargetID = 37CC40E423A767C000CC1D19;
					};
				};
			};
			buildConfigurationList = 37CC40E023A767C000CC1D19 /* Build configuration list for PBXProject "AirService" */;
			compatibilityVersion = "Xcode 9.3";
			developmentRegion = en;
			hasScannedForEncodings = 0;
			knownRegions = (
				en,
				Base,
			);
			mainGroup = 37CC40DC23A767C000CC1D19;
			productRefGroup = 37CC40E623A767C000CC1D19 /* Products */;
			projectDirPath = "";
			projectRoot = "";
			targets = (
				37CC40E423A767C000CC1D19 /* AirService */,
				37CC40FD23A767C200CC1D19 /* AirServiceTests */,
			);
		};
/* End PBXProject section */

/* Begin PBXResourcesBuildPhase section */
		37CC40E323A767C000CC1D19 /* Resources */ = {
			isa = PBXResourcesBuildPhase;
			buildActionMask = 2147483647;
			files = (
				37CC40F823A767C200CC1D19 /* LaunchScreen.storyboard in Resources */,
				37325C9623C472ED007EE0B9 /* GoogleService-Info.plist in Resources */,
				372F026623D04A9B006DB894 /* Raleway-Medium.ttf in Resources */,
				372F026823D04AAA006DB894 /* Raleway-Light.ttf in Resources */,
				37CC40F523A767C200CC1D19 /* Assets.xcassets in Resources */,
				37CC40F023A767C000CC1D19 /* Main.storyboard in Resources */,
			);
			runOnlyForDeploymentPostprocessing = 0;
		};
		37CC40FC23A767C200CC1D19 /* Resources */ = {
			isa = PBXResourcesBuildPhase;
			buildActionMask = 2147483647;
			files = (
				372F026023CEF4FD006DB894 /* Cities.json in Resources */,
				372F026223CEF653006DB894 /* LatestMeasures.json in Resources */,
				372F025823CE492E006DB894 /* Countries.json in Resources */,
				37325C9723C472ED007EE0B9 /* GoogleService-Info.plist in Resources */,
			);
			runOnlyForDeploymentPostprocessing = 0;
		};
/* End PBXResourcesBuildPhase section */

/* Begin PBXShellScriptBuildPhase section */
		18C20523FBE0C3728BC0C4BF /* [CP] Check Pods Manifest.lock */ = {
			isa = PBXShellScriptBuildPhase;
			buildActionMask = 2147483647;
			files = (
			);
			inputFileListPaths = (
			);
			inputPaths = (
				"${PODS_PODFILE_DIR_PATH}/Podfile.lock",
				"${PODS_ROOT}/Manifest.lock",
			);
			name = "[CP] Check Pods Manifest.lock";
			outputFileListPaths = (
			);
			outputPaths = (
				"$(DERIVED_FILE_DIR)/Pods-AirServiceTests-checkManifestLockResult.txt",
			);
			runOnlyForDeploymentPostprocessing = 0;
			shellPath = /bin/sh;
			shellScript = "diff \"${PODS_PODFILE_DIR_PATH}/Podfile.lock\" \"${PODS_ROOT}/Manifest.lock\" > /dev/null\nif [ $? != 0 ] ; then\n    # print error to STDERR\n    echo \"error: The sandbox is not in sync with the Podfile.lock. Run 'pod install' or update your CocoaPods installation.\" >&2\n    exit 1\nfi\n# This output is used by Xcode 'outputs' to avoid re-running this script phase.\necho \"SUCCESS\" > \"${SCRIPT_OUTPUT_FILE_0}\"\n";
			showEnvVarsInLog = 0;
		};
		1DB3C489C719C28DB2A2AE11 /* [CP] Embed Pods Frameworks */ = {
			isa = PBXShellScriptBuildPhase;
			buildActionMask = 2147483647;
			files = (
			);
			inputFileListPaths = (
				"${PODS_ROOT}/Target Support Files/Pods-AirServiceTests/Pods-AirServiceTests-frameworks-${CONFIGURATION}-input-files.xcfilelist",
			);
			name = "[CP] Embed Pods Frameworks";
			outputFileListPaths = (
				"${PODS_ROOT}/Target Support Files/Pods-AirServiceTests/Pods-AirServiceTests-frameworks-${CONFIGURATION}-output-files.xcfilelist",
			);
			runOnlyForDeploymentPostprocessing = 0;
			shellPath = /bin/sh;
			shellScript = "\"${PODS_ROOT}/Target Support Files/Pods-AirServiceTests/Pods-AirServiceTests-frameworks.sh\"\n";
			showEnvVarsInLog = 0;
		};
		37325C9B23C64149007EE0B9 /* ShellScript */ = {
			isa = PBXShellScriptBuildPhase;
			buildActionMask = 2147483647;
			files = (
			);
			inputFileListPaths = (
			);
			inputPaths = (
			);
			outputFileListPaths = (
			);
			outputPaths = (
			);
			runOnlyForDeploymentPostprocessing = 0;
			shellPath = /bin/sh;
			shellScript = "# Type a script or drag a script file from your workspace to insert its path.\n\"${PODS_ROOT}/Fabric/run\"\n";
		};
		37CC410D23A769A600CC1D19 /* ShellScript */ = {
			isa = PBXShellScriptBuildPhase;
			buildActionMask = 2147483647;
			files = (
			);
			inputFileListPaths = (
			);
			inputPaths = (
			);
			outputFileListPaths = (
			);
			outputPaths = (
			);
			runOnlyForDeploymentPostprocessing = 0;
			shellPath = /bin/sh;
			shellScript = "if which swiftlint >/dev/null; then\n  swiftlint\nelse\n  echo \"warning: SwiftLint not installed, download from https://github.com/realm/SwiftLint\"\nfi\n";
		};
		8EC00DEE25240924A9C0303E /* [CP] Check Pods Manifest.lock */ = {
			isa = PBXShellScriptBuildPhase;
			buildActionMask = 2147483647;
			files = (
			);
			inputFileListPaths = (
			);
			inputPaths = (
				"${PODS_PODFILE_DIR_PATH}/Podfile.lock",
				"${PODS_ROOT}/Manifest.lock",
			);
			name = "[CP] Check Pods Manifest.lock";
			outputFileListPaths = (
			);
			outputPaths = (
				"$(DERIVED_FILE_DIR)/Pods-AirService-checkManifestLockResult.txt",
			);
			runOnlyForDeploymentPostprocessing = 0;
			shellPath = /bin/sh;
			shellScript = "diff \"${PODS_PODFILE_DIR_PATH}/Podfile.lock\" \"${PODS_ROOT}/Manifest.lock\" > /dev/null\nif [ $? != 0 ] ; then\n    # print error to STDERR\n    echo \"error: The sandbox is not in sync with the Podfile.lock. Run 'pod install' or update your CocoaPods installation.\" >&2\n    exit 1\nfi\n# This output is used by Xcode 'outputs' to avoid re-running this script phase.\necho \"SUCCESS\" > \"${SCRIPT_OUTPUT_FILE_0}\"\n";
			showEnvVarsInLog = 0;
		};
		9029644FADC1C4F728BC6AF1 /* [CP] Embed Pods Frameworks */ = {
			isa = PBXShellScriptBuildPhase;
			buildActionMask = 2147483647;
			files = (
			);
			inputFileListPaths = (
				"${PODS_ROOT}/Target Support Files/Pods-AirService/Pods-AirService-frameworks-${CONFIGURATION}-input-files.xcfilelist",
			);
			name = "[CP] Embed Pods Frameworks";
			outputFileListPaths = (
				"${PODS_ROOT}/Target Support Files/Pods-AirService/Pods-AirService-frameworks-${CONFIGURATION}-output-files.xcfilelist",
			);
			runOnlyForDeploymentPostprocessing = 0;
			shellPath = /bin/sh;
			shellScript = "\"${PODS_ROOT}/Target Support Files/Pods-AirService/Pods-AirService-frameworks.sh\"\n";
			showEnvVarsInLog = 0;
		};
/* End PBXShellScriptBuildPhase section */

/* Begin PBXSourcesBuildPhase section */
		37CC40E123A767C000CC1D19 /* Sources */ = {
			isa = PBXSourcesBuildPhase;
			buildActionMask = 2147483647;
			files = (
				37365A3523B132070072EA90 /* ListCountries.swift in Sources */,
				379163EB23B4AF8C008A848F /* ListCities.swift in Sources */,
				37524B3723CC816F00EFFA79 /* MeasuresFavorite.swift in Sources */,
				379163E323B24ED8008A848F /* UIViewController+Alert.swift in Sources */,
				372F026A23D06B33006DB894 /* TabBarViewController.swift in Sources */,
				37365A2D23B0CFF50072EA90 /* Cities.swift in Sources */,
				37365A2F23B0D4AB0072EA90 /* LatestMeasures.swift in Sources */,
				37C8316823BCD66B0030FE9B /* ParticulateTen.swift in Sources */,
				37325CA323C7326E007EE0B9 /* PresentFavoritesCell.swift in Sources */,
				379163E923B4AA67008A848F /* ApiServiceLatestMeasures.swift in Sources */,
				37365A2923B0CCBE0072EA90 /* Countries.swift in Sources */,
				379163F123B4EDD7008A848F /* PresentCitiesCell.swift in Sources */,
				37C8316623BCD64A0030FE9B /* NitrogenDioxide.swift in Sources */,
				37C8316023BCD3C30030FE9B /* Ozone.swift in Sources */,
				379163E523B4AA34008A848F /* ApiServiceCities.swift in Sources */,
				3799340023D9CFD600014238 /* PollutantsPopUpViewController.swift in Sources */,
				37524B3323C8EEB100EFFA79 /* CityDetailViewController.swift in Sources */,
				37325CA123C723A2007EE0B9 /* MyCitiesViewController.swift in Sources */,
				37CBDAB223DD83F2000B7A43 /* ListLatestMeasuresDetailService.swift in Sources */,
				37C8316223BCD5E20030FE9B /* SulfurDioxide.swift in Sources */,
				37C8315A23BB9A440030FE9B /* URL+Shared.swift in Sources */,
				372F026C23D1B4EC006DB894 /* QualityWhiteView.swift in Sources */,
				37524B3523C9B72700EFFA79 /* String+Shared.swift in Sources */,
				37365A3123B11A410072EA90 /* ApiServiceCountries.swift in Sources */,
				372F026E23D1B938006DB894 /* CitiesBlackView.swift in Sources */,
				37F60C7A23D384B7001C5399 /* IndicesMax.swift in Sources */,
				37C8316C23BCDB860030FE9B /* QualityLevel.swift in Sources */,
				37365A3323B11ACE0072EA90 /* Errors.swift in Sources */,
				3737AE0023D9DC160025E862 /* PopUpView.swift in Sources */,
				37C8315C23BB9F470030FE9B /* ListLatestMeasures.swift in Sources */,
				379163ED23B4B0FE008A848F /* ListCitiesService.swift in Sources */,
				37C8316A23BCD69A0030FE9B /* ParticulateTwoFive.swift in Sources */,
				37C8316423BCD6290030FE9B /* CarbonMonoxide.swift in Sources */,
				37C8315E23BC97770030FE9B /* ListLatestMeasuresService.swift in Sources */,
				379163EF23B4E166008A848F /* CitiesViewController.swift in Sources */,
				37365A3723B133470072EA90 /* ListCountriesService.swift in Sources */,
				3737AE0423D9FB7F0025E862 /* CircleButtonView.swift in Sources */,
				3773E16123E6B47F007F8E65 /* CheckCountry.swift in Sources */,
				37F60C7C23D46113001C5399 /* Settings.swift in Sources */,
				37CC40E923A767C000CC1D19 /* AppDelegate.swift in Sources */,
				37A358F623D5E8790039A753 /* SegmentedController.swift in Sources */,
				37352ED123DD77A7004558D2 /* QualityView.swift in Sources */,
				379163E123B22411008A848F /* SettingsViewController.swift in Sources */,
			);
			runOnlyForDeploymentPostprocessing = 0;
		};
		37CC40FA23A767C200CC1D19 /* Sources */ = {
			isa = PBXSourcesBuildPhase;
			buildActionMask = 2147483647;
			files = (
				37CC410323A767C200CC1D19 /* ApiServiceCountriesTests.swift in Sources */,
				372F025E23CEF21F006DB894 /* ApiServiceLatestMeasuresTests.swift in Sources */,
				372F025C23CEF20D006DB894 /* ApiServiceCitiesTests.swift in Sources */,
			);
			runOnlyForDeploymentPostprocessing = 0;
		};
/* End PBXSourcesBuildPhase section */

/* Begin PBXTargetDependency section */
		37CC410023A767C200CC1D19 /* PBXTargetDependency */ = {
			isa = PBXTargetDependency;
			target = 37CC40E423A767C000CC1D19 /* AirService */;
			targetProxy = 37CC40FF23A767C200CC1D19 /* PBXContainerItemProxy */;
		};
/* End PBXTargetDependency section */

/* Begin PBXVariantGroup section */
		37CC40EE23A767C000CC1D19 /* Main.storyboard */ = {
			isa = PBXVariantGroup;
			children = (
				37CC40EF23A767C000CC1D19 /* Base */,
			);
			name = Main.storyboard;
			sourceTree = "<group>";
		};
		37CC40F623A767C200CC1D19 /* LaunchScreen.storyboard */ = {
			isa = PBXVariantGroup;
			children = (
				37CC40F723A767C200CC1D19 /* Base */,
			);
			name = LaunchScreen.storyboard;
			sourceTree = "<group>";
		};
/* End PBXVariantGroup section */

/* Begin XCBuildConfiguration section */
		37CC410523A767C200CC1D19 /* Debug */ = {
			isa = XCBuildConfiguration;
			buildSettings = {
				ALWAYS_SEARCH_USER_PATHS = NO;
				CLANG_ANALYZER_NONNULL = YES;
				CLANG_ANALYZER_NUMBER_OBJECT_CONVERSION = YES_AGGRESSIVE;
				CLANG_CXX_LANGUAGE_STANDARD = "gnu++14";
				CLANG_CXX_LIBRARY = "libc++";
				CLANG_ENABLE_MODULES = YES;
				CLANG_ENABLE_OBJC_ARC = YES;
				CLANG_ENABLE_OBJC_WEAK = YES;
				CLANG_WARN_BLOCK_CAPTURE_AUTORELEASING = YES;
				CLANG_WARN_BOOL_CONVERSION = YES;
				CLANG_WARN_COMMA = YES;
				CLANG_WARN_CONSTANT_CONVERSION = YES;
				CLANG_WARN_DEPRECATED_OBJC_IMPLEMENTATIONS = YES;
				CLANG_WARN_DIRECT_OBJC_ISA_USAGE = YES_ERROR;
				CLANG_WARN_DOCUMENTATION_COMMENTS = YES;
				CLANG_WARN_EMPTY_BODY = YES;
				CLANG_WARN_ENUM_CONVERSION = YES;
				CLANG_WARN_INFINITE_RECURSION = YES;
				CLANG_WARN_INT_CONVERSION = YES;
				CLANG_WARN_NON_LITERAL_NULL_CONVERSION = YES;
				CLANG_WARN_OBJC_IMPLICIT_RETAIN_SELF = YES;
				CLANG_WARN_OBJC_LITERAL_CONVERSION = YES;
				CLANG_WARN_OBJC_ROOT_CLASS = YES_ERROR;
				CLANG_WARN_RANGE_LOOP_ANALYSIS = YES;
				CLANG_WARN_STRICT_PROTOTYPES = YES;
				CLANG_WARN_SUSPICIOUS_MOVE = YES;
				CLANG_WARN_UNGUARDED_AVAILABILITY = YES_AGGRESSIVE;
				CLANG_WARN_UNREACHABLE_CODE = YES;
				CLANG_WARN__DUPLICATE_METHOD_MATCH = YES;
				COPY_PHASE_STRIP = NO;
				DEBUG_INFORMATION_FORMAT = "dwarf-with-dsym";
				ENABLE_STRICT_OBJC_MSGSEND = YES;
				ENABLE_TESTABILITY = YES;
				GCC_C_LANGUAGE_STANDARD = gnu11;
				GCC_DYNAMIC_NO_PIC = NO;
				GCC_NO_COMMON_BLOCKS = YES;
				GCC_OPTIMIZATION_LEVEL = 0;
				GCC_PREPROCESSOR_DEFINITIONS = (
					"DEBUG=1",
					"$(inherited)",
				);
				GCC_WARN_64_TO_32_BIT_CONVERSION = YES;
				GCC_WARN_ABOUT_RETURN_TYPE = YES_ERROR;
				GCC_WARN_UNDECLARED_SELECTOR = YES;
				GCC_WARN_UNINITIALIZED_AUTOS = YES_AGGRESSIVE;
				GCC_WARN_UNUSED_FUNCTION = YES;
				GCC_WARN_UNUSED_VARIABLE = YES;
				IPHONEOS_DEPLOYMENT_TARGET = 11.0;
				MTL_ENABLE_DEBUG_INFO = INCLUDE_SOURCE;
				MTL_FAST_MATH = YES;
				ONLY_ACTIVE_ARCH = YES;
				SDKROOT = iphoneos;
				SWIFT_ACTIVE_COMPILATION_CONDITIONS = DEBUG;
				SWIFT_OPTIMIZATION_LEVEL = "-Onone";
			};
			name = Debug;
		};
		37CC410623A767C200CC1D19 /* Release */ = {
			isa = XCBuildConfiguration;
			buildSettings = {
				ALWAYS_SEARCH_USER_PATHS = NO;
				CLANG_ANALYZER_NONNULL = YES;
				CLANG_ANALYZER_NUMBER_OBJECT_CONVERSION = YES_AGGRESSIVE;
				CLANG_CXX_LANGUAGE_STANDARD = "gnu++14";
				CLANG_CXX_LIBRARY = "libc++";
				CLANG_ENABLE_MODULES = YES;
				CLANG_ENABLE_OBJC_ARC = YES;
				CLANG_ENABLE_OBJC_WEAK = YES;
				CLANG_WARN_BLOCK_CAPTURE_AUTORELEASING = YES;
				CLANG_WARN_BOOL_CONVERSION = YES;
				CLANG_WARN_COMMA = YES;
				CLANG_WARN_CONSTANT_CONVERSION = YES;
				CLANG_WARN_DEPRECATED_OBJC_IMPLEMENTATIONS = YES;
				CLANG_WARN_DIRECT_OBJC_ISA_USAGE = YES_ERROR;
				CLANG_WARN_DOCUMENTATION_COMMENTS = YES;
				CLANG_WARN_EMPTY_BODY = YES;
				CLANG_WARN_ENUM_CONVERSION = YES;
				CLANG_WARN_INFINITE_RECURSION = YES;
				CLANG_WARN_INT_CONVERSION = YES;
				CLANG_WARN_NON_LITERAL_NULL_CONVERSION = YES;
				CLANG_WARN_OBJC_IMPLICIT_RETAIN_SELF = YES;
				CLANG_WARN_OBJC_LITERAL_CONVERSION = YES;
				CLANG_WARN_OBJC_ROOT_CLASS = YES_ERROR;
				CLANG_WARN_RANGE_LOOP_ANALYSIS = YES;
				CLANG_WARN_STRICT_PROTOTYPES = YES;
				CLANG_WARN_SUSPICIOUS_MOVE = YES;
				CLANG_WARN_UNGUARDED_AVAILABILITY = YES_AGGRESSIVE;
				CLANG_WARN_UNREACHABLE_CODE = YES;
				CLANG_WARN__DUPLICATE_METHOD_MATCH = YES;
				COPY_PHASE_STRIP = NO;
				DEBUG_INFORMATION_FORMAT = "dwarf-with-dsym";
				ENABLE_NS_ASSERTIONS = NO;
				ENABLE_STRICT_OBJC_MSGSEND = YES;
				GCC_C_LANGUAGE_STANDARD = gnu11;
				GCC_NO_COMMON_BLOCKS = YES;
				GCC_WARN_64_TO_32_BIT_CONVERSION = YES;
				GCC_WARN_ABOUT_RETURN_TYPE = YES_ERROR;
				GCC_WARN_UNDECLARED_SELECTOR = YES;
				GCC_WARN_UNINITIALIZED_AUTOS = YES_AGGRESSIVE;
				GCC_WARN_UNUSED_FUNCTION = YES;
				GCC_WARN_UNUSED_VARIABLE = YES;
				IPHONEOS_DEPLOYMENT_TARGET = 11.0;
				MTL_ENABLE_DEBUG_INFO = NO;
				MTL_FAST_MATH = YES;
				SDKROOT = iphoneos;
				SWIFT_COMPILATION_MODE = wholemodule;
				SWIFT_OPTIMIZATION_LEVEL = "-O";
				VALIDATE_PRODUCT = YES;
			};
			name = Release;
		};
		37CC410823A767C200CC1D19 /* Debug */ = {
			isa = XCBuildConfiguration;
			baseConfigurationReference = 2C32AFBA6D5C7AFA72E83A7B /* Pods-AirService.debug.xcconfig */;
			buildSettings = {
				ASSETCATALOG_COMPILER_APPICON_NAME = AppIcon;
				CODE_SIGN_STYLE = Automatic;
				DEVELOPMENT_TEAM = C88WF6385D;
				INFOPLIST_FILE = "AirService/Supporting Files/Info.plist";
				IPHONEOS_DEPLOYMENT_TARGET = 11.0;
				LD_RUNPATH_SEARCH_PATHS = (
					"$(inherited)",
					"@executable_path/Frameworks",
				);
				PRODUCT_BUNDLE_IDENTIFIER = com.philippe.AirService;
				PRODUCT_NAME = "$(TARGET_NAME)";
				SWIFT_VERSION = 5.0;
				TARGETED_DEVICE_FAMILY = 1;
			};
			name = Debug;
		};
		37CC410923A767C200CC1D19 /* Release */ = {
			isa = XCBuildConfiguration;
			baseConfigurationReference = 924833D78FC6F7E3A949BE2E /* Pods-AirService.release.xcconfig */;
			buildSettings = {
				ASSETCATALOG_COMPILER_APPICON_NAME = AppIcon;
				CODE_SIGN_IDENTITY = "Apple Development";
				CODE_SIGN_STYLE = Automatic;
				DEVELOPMENT_TEAM = "";
				INFOPLIST_FILE = "AirService/Supporting Files/Info.plist";
				IPHONEOS_DEPLOYMENT_TARGET = 11.0;
				LD_RUNPATH_SEARCH_PATHS = (
					"$(inherited)",
					"@executable_path/Frameworks",
				);
				PRODUCT_BUNDLE_IDENTIFIER = com.philippe.AirService;
				PRODUCT_NAME = "$(TARGET_NAME)";
				PROVISIONING_PROFILE_SPECIFIER = "";
				SWIFT_VERSION = 5.0;
				TARGETED_DEVICE_FAMILY = 1;
			};
			name = Release;
		};
		37CC410B23A767C200CC1D19 /* Debug */ = {
			isa = XCBuildConfiguration;
			baseConfigurationReference = 37B15CBBA4D1FEAF1D7F1CB2 /* Pods-AirServiceTests.debug.xcconfig */;
			buildSettings = {
				ALWAYS_EMBED_SWIFT_STANDARD_LIBRARIES = YES;
				BUNDLE_LOADER = "$(TEST_HOST)";
				CODE_SIGN_STYLE = Automatic;
				DEVELOPMENT_TEAM = C88WF6385D;
				INFOPLIST_FILE = AirServiceTests/Info.plist;
				IPHONEOS_DEPLOYMENT_TARGET = 13.2;
				LD_RUNPATH_SEARCH_PATHS = (
					"$(inherited)",
					"@executable_path/Frameworks",
					"@loader_path/Frameworks",
				);
				PRODUCT_BUNDLE_IDENTIFIER = com.philippe.AirServiceTests;
				PRODUCT_NAME = "$(TARGET_NAME)";
				SWIFT_VERSION = 5.0;
				TARGETED_DEVICE_FAMILY = "1,2";
				TEST_HOST = "$(BUILT_PRODUCTS_DIR)/AirService.app/AirService";
			};
			name = Debug;
		};
		37CC410C23A767C200CC1D19 /* Release */ = {
			isa = XCBuildConfiguration;
			baseConfigurationReference = 3F811413E2CBF19803E0BF8C /* Pods-AirServiceTests.release.xcconfig */;
			buildSettings = {
				ALWAYS_EMBED_SWIFT_STANDARD_LIBRARIES = YES;
				BUNDLE_LOADER = "$(TEST_HOST)";
				CODE_SIGN_STYLE = Automatic;
				DEVELOPMENT_TEAM = C88WF6385D;
				INFOPLIST_FILE = AirServiceTests/Info.plist;
				IPHONEOS_DEPLOYMENT_TARGET = 13.2;
				LD_RUNPATH_SEARCH_PATHS = (
					"$(inherited)",
					"@executable_path/Frameworks",
					"@loader_path/Frameworks",
				);
				PRODUCT_BUNDLE_IDENTIFIER = com.philippe.AirServiceTests;
				PRODUCT_NAME = "$(TARGET_NAME)";
				SWIFT_VERSION = 5.0;
				TARGETED_DEVICE_FAMILY = "1,2";
				TEST_HOST = "$(BUILT_PRODUCTS_DIR)/AirService.app/AirService";
			};
			name = Release;
		};
/* End XCBuildConfiguration section */

/* Begin XCConfigurationList section */
		37CC40E023A767C000CC1D19 /* Build configuration list for PBXProject "AirService" */ = {
			isa = XCConfigurationList;
			buildConfigurations = (
				37CC410523A767C200CC1D19 /* Debug */,
				37CC410623A767C200CC1D19 /* Release */,
			);
			defaultConfigurationIsVisible = 0;
			defaultConfigurationName = Release;
		};
		37CC410723A767C200CC1D19 /* Build configuration list for PBXNativeTarget "AirService" */ = {
			isa = XCConfigurationList;
			buildConfigurations = (
				37CC410823A767C200CC1D19 /* Debug */,
				37CC410923A767C200CC1D19 /* Release */,
			);
			defaultConfigurationIsVisible = 0;
			defaultConfigurationName = Release;
		};
		37CC410A23A767C200CC1D19 /* Build configuration list for PBXNativeTarget "AirServiceTests" */ = {
			isa = XCConfigurationList;
			buildConfigurations = (
				37CC410B23A767C200CC1D19 /* Debug */,
				37CC410C23A767C200CC1D19 /* Release */,
			);
			defaultConfigurationIsVisible = 0;
			defaultConfigurationName = Release;
		};
/* End XCConfigurationList section */
	};
	rootObject = 37CC40DD23A767C000CC1D19 /* Project object */;
}
