// !$*UTF8*$!
{
	archiveVersion = 1;
	classes = {
	};
	objectVersion = 50;
	objects = {

/* Begin PBXBuildFile section */
		37CC40E923A767C000CC1D19 /* AppDelegate.swift in Sources */ = {isa = PBXBuildFile; fileRef = 37CC40E823A767C000CC1D19 /* AppDelegate.swift */; };
		37CC40EB23A767C000CC1D19 /* SceneDelegate.swift in Sources */ = {isa = PBXBuildFile; fileRef = 37CC40EA23A767C000CC1D19 /* SceneDelegate.swift */; };
		37CC40ED23A767C000CC1D19 /* ViewController.swift in Sources */ = {isa = PBXBuildFile; fileRef = 37CC40EC23A767C000CC1D19 /* ViewController.swift */; };
		37CC40F023A767C000CC1D19 /* Main.storyboard in Resources */ = {isa = PBXBuildFile; fileRef = 37CC40EE23A767C000CC1D19 /* Main.storyboard */; };
		37CC40F323A767C000CC1D19 /* AirService.xcdatamodeld in Sources */ = {isa = PBXBuildFile; fileRef = 37CC40F123A767C000CC1D19 /* AirService.xcdatamodeld */; };
		37CC40F523A767C200CC1D19 /* Assets.xcassets in Resources */ = {isa = PBXBuildFile; fileRef = 37CC40F423A767C200CC1D19 /* Assets.xcassets */; };
		37CC40F823A767C200CC1D19 /* LaunchScreen.storyboard in Resources */ = {isa = PBXBuildFile; fileRef = 37CC40F623A767C200CC1D19 /* LaunchScreen.storyboard */; };
		37CC410323A767C200CC1D19 /* AirServiceTests.swift in Sources */ = {isa = PBXBuildFile; fileRef = 37CC410223A767C200CC1D19 /* AirServiceTests.swift */; };
/* End PBXBuildFile section */

/* Begin PBXContainerItemProxy section */
		37CC40FF23A767C200CC1D19 /* PBXContainerItemProxy */ = {
			isa = PBXContainerItemProxy;
			containerPortal = 37CC40DD23A767C000CC1D19 /* Project object */;
			proxyType = 1;
			remoteGlobalIDString = 37CC40E423A767C000CC1D19;
			remoteInfo = AirService;
		};
/* End PBXContainerItemProxy section */

/* Begin PBXFileReference section */
		37CC40E523A767C000CC1D19 /* AirService.app */ = {isa = PBXFileReference; explicitFileType = wrapper.application; includeInIndex = 0; path = AirService.app; sourceTree = BUILT_PRODUCTS_DIR; };
		37CC40E823A767C000CC1D19 /* AppDelegate.swift */ = {isa = PBXFileReference; lastKnownFileType = sourcecode.swift; path = AppDelegate.swift; sourceTree = "<group>"; };
		37CC40EA23A767C000CC1D19 /* SceneDelegate.swift */ = {isa = PBXFileReference; lastKnownFileType = sourcecode.swift; path = SceneDelegate.swift; sourceTree = "<group>"; };
		37CC40EC23A767C000CC1D19 /* ViewController.swift */ = {isa = PBXFileReference; lastKnownFileType = sourcecode.swift; path = ViewController.swift; sourceTree = "<group>"; };
		37CC40EF23A767C000CC1D19 /* Base */ = {isa = PBXFileReference; lastKnownFileType = file.storyboard; name = Base; path = Base.lproj/Main.storyboard; sourceTree = "<group>"; };
		37CC40F223A767C000CC1D19 /* AirService.xcdatamodel */ = {isa = PBXFileReference; lastKnownFileType = wrapper.xcdatamodel; path = AirService.xcdatamodel; sourceTree = "<group>"; };
		37CC40F423A767C200CC1D19 /* Assets.xcassets */ = {isa = PBXFileReference; lastKnownFileType = folder.assetcatalog; path = Assets.xcassets; sourceTree = "<group>"; };
		37CC40F723A767C200CC1D19 /* Base */ = {isa = PBXFileReference; lastKnownFileType = file.storyboard; name = Base; path = Base.lproj/LaunchScreen.storyboard; sourceTree = "<group>"; };
		37CC40F923A767C200CC1D19 /* Info.plist */ = {isa = PBXFileReference; lastKnownFileType = text.plist.xml; path = Info.plist; sourceTree = "<group>"; };
		37CC40FE23A767C200CC1D19 /* AirServiceTests.xctest */ = {isa = PBXFileReference; explicitFileType = wrapper.cfbundle; includeInIndex = 0; path = AirServiceTests.xctest; sourceTree = BUILT_PRODUCTS_DIR; };
		37CC410223A767C200CC1D19 /* AirServiceTests.swift */ = {isa = PBXFileReference; lastKnownFileType = sourcecode.swift; path = AirServiceTests.swift; sourceTree = "<group>"; };
		37CC410423A767C200CC1D19 /* Info.plist */ = {isa = PBXFileReference; lastKnownFileType = text.plist.xml; path = Info.plist; sourceTree = "<group>"; };
/* End PBXFileReference section */

/* Begin PBXFrameworksBuildPhase section */
		37CC40E223A767C000CC1D19 /* Frameworks */ = {
			isa = PBXFrameworksBuildPhase;
			buildActionMask = 2147483647;
			files = (
			);
			runOnlyForDeploymentPostprocessing = 0;
		};
		37CC40FB23A767C200CC1D19 /* Frameworks */ = {
			isa = PBXFrameworksBuildPhase;
			buildActionMask = 2147483647;
			files = (
			);
			runOnlyForDeploymentPostprocessing = 0;
		};
/* End PBXFrameworksBuildPhase section */

/* Begin PBXGroup section */
		37CC40DC23A767C000CC1D19 = {
			isa = PBXGroup;
			children = (
				37CC40E723A767C000CC1D19 /* AirService */,
				37CC410123A767C200CC1D19 /* AirServiceTests */,
				37CC40E623A767C000CC1D19 /* Products */,
			);
			sourceTree = "<group>";
		};
		37CC40E623A767C000CC1D19 /* Products */ = {
			isa = PBXGroup;
			children = (
				37CC40E523A767C000CC1D19 /* AirService.app */,
				37CC40FE23A767C200CC1D19 /* AirServiceTests.xctest */,
			);
			name = Products;
			sourceTree = "<group>";
		};
		37CC40E723A767C000CC1D19 /* AirService */ = {
			isa = PBXGroup;
			children = (
				37CC40E823A767C000CC1D19 /* AppDelegate.swift */,
				37CC40EA23A767C000CC1D19 /* SceneDelegate.swift */,
				37CC40EC23A767C000CC1D19 /* ViewController.swift */,
				37CC40EE23A767C000CC1D19 /* Main.storyboard */,
				37CC40F423A767C200CC1D19 /* Assets.xcassets */,
				37CC40F623A767C200CC1D19 /* LaunchScreen.storyboard */,
				37CC40F923A767C200CC1D19 /* Info.plist */,
				37CC40F123A767C000CC1D19 /* AirService.xcdatamodeld */,
			);
			path = AirService;
			sourceTree = "<group>";
		};
		37CC410123A767C200CC1D19 /* AirServiceTests */ = {
			isa = PBXGroup;
			children = (
				37CC410223A767C200CC1D19 /* AirServiceTests.swift */,
				37CC410423A767C200CC1D19 /* Info.plist */,
			);
			path = AirServiceTests;
			sourceTree = "<group>";
		};
/* End PBXGroup section */

/* Begin PBXNativeTarget section */
		37CC40E423A767C000CC1D19 /* AirService */ = {
			isa = PBXNativeTarget;
			buildConfigurationList = 37CC410723A767C200CC1D19 /* Build configuration list for PBXNativeTarget "AirService" */;
			buildPhases = (
				37CC40E123A767C000CC1D19 /* Sources */,
				37CC40E223A767C000CC1D19 /* Frameworks */,
				37CC40E323A767C000CC1D19 /* Resources */,
			);
			buildRules = (
			);
			dependencies = (
			);
			name = AirService;
			productName = AirService;
			productReference = 37CC40E523A767C000CC1D19 /* AirService.app */;
			productType = "com.apple.product-type.application";
		};
		37CC40FD23A767C200CC1D19 /* AirServiceTests */ = {
			isa = PBXNativeTarget;
			buildConfigurationList = 37CC410A23A767C200CC1D19 /* Build configuration list for PBXNativeTarget "AirServiceTests" */;
			buildPhases = (
				37CC40FA23A767C200CC1D19 /* Sources */,
				37CC40FB23A767C200CC1D19 /* Frameworks */,
				37CC40FC23A767C200CC1D19 /* Resources */,
			);
			buildRules = (
			);
			dependencies = (
				37CC410023A767C200CC1D19 /* PBXTargetDependency */,
			);
			name = AirServiceTests;
			productName = AirServiceTests;
			productReference = 37CC40FE23A767C200CC1D19 /* AirServiceTests.xctest */;
			productType = "com.apple.product-type.bundle.unit-test";
		};
/* End PBXNativeTarget section */

/* Begin PBXProject section */
		37CC40DD23A767C000CC1D19 /* Project object */ = {
			isa = PBXProject;
			attributes = {
				LastSwiftUpdateCheck = 1130;
				LastUpgradeCheck = 1130;
				ORGANIZATIONNAME = Philippe;
				TargetAttributes = {
					37CC40E423A767C000CC1D19 = {
						CreatedOnToolsVersion = 11.3;
					};
					37CC40FD23A767C200CC1D19 = {
						CreatedOnToolsVersion = 11.3;
						TestTargetID = 37CC40E423A767C000CC1D19;
					};
				};
			};
			buildConfigurationList = 37CC40E023A767C000CC1D19 /* Build configuration list for PBXProject "AirService" */;
			compatibilityVersion = "Xcode 9.3";
			developmentRegion = en;
			hasScannedForEncodings = 0;
			knownRegions = (
				en,
				Base,
			);
			mainGroup = 37CC40DC23A767C000CC1D19;
			productRefGroup = 37CC40E623A767C000CC1D19 /* Products */;
			projectDirPath = "";
			projectRoot = "";
			targets = (
				37CC40E423A767C000CC1D19 /* AirService */,
				37CC40FD23A767C200CC1D19 /* AirServiceTests */,
			);
		};
/* End PBXProject section */

/* Begin PBXResourcesBuildPhase section */
		37CC40E323A767C000CC1D19 /* Resources */ = {
			isa = PBXResourcesBuildPhase;
			buildActionMask = 2147483647;
			files = (
				37CC40F823A767C200CC1D19 /* LaunchScreen.storyboard in Resources */,
				37CC40F523A767C200CC1D19 /* Assets.xcassets in Resources */,
				37CC40F023A767C000CC1D19 /* Main.storyboard in Resources */,
			);
			runOnlyForDeploymentPostprocessing = 0;
		};
		37CC40FC23A767C200CC1D19 /* Resources */ = {
			isa = PBXResourcesBuildPhase;
			buildActionMask = 2147483647;
			files = (
			);
			runOnlyForDeploymentPostprocessing = 0;
		};
/* End PBXResourcesBuildPhase section */

/* Begin PBXSourcesBuildPhase section */
		37CC40E123A767C000CC1D19 /* Sources */ = {
			isa = PBXSourcesBuildPhase;
			buildActionMask = 2147483647;
			files = (
				37CC40F323A767C000CC1D19 /* AirService.xcdatamodeld in Sources */,
				37CC40ED23A767C000CC1D19 /* ViewController.swift in Sources */,
				37CC40E923A767C000CC1D19 /* AppDelegate.swift in Sources */,
				37CC40EB23A767C000CC1D19 /* SceneDelegate.swift in Sources */,
			);
			runOnlyForDeploymentPostprocessing = 0;
		};
		37CC40FA23A767C200CC1D19 /* Sources */ = {
			isa = PBXSourcesBuildPhase;
			buildActionMask = 2147483647;
			files = (
				37CC410323A767C200CC1D19 /* AirServiceTests.swift in Sources */,
			);
			runOnlyForDeploymentPostprocessing = 0;
		};
/* End PBXSourcesBuildPhase section */

/* Begin PBXTargetDependency section */
		37CC410023A767C200CC1D19 /* PBXTargetDependency */ = {
			isa = PBXTargetDependency;
			target = 37CC40E423A767C000CC1D19 /* AirService */;
			targetProxy = 37CC40FF23A767C200CC1D19 /* PBXContainerItemProxy */;
		};
/* End PBXTargetDependency section */

/* Begin PBXVariantGroup section */
		37CC40EE23A767C000CC1D19 /* Main.storyboard */ = {
			isa = PBXVariantGroup;
			children = (
				37CC40EF23A767C000CC1D19 /* Base */,
			);
			name = Main.storyboard;
			sourceTree = "<group>";
		};
		37CC40F623A767C200CC1D19 /* LaunchScreen.storyboard */ = {
			isa = PBXVariantGroup;
			children = (
				37CC40F723A767C200CC1D19 /* Base */,
			);
			name = LaunchScreen.storyboard;
			sourceTree = "<group>";
		};
/* End PBXVariantGroup section */

/* Begin XCBuildConfiguration section */
		37CC410523A767C200CC1D19 /* Debug */ = {
			isa = XCBuildConfiguration;
			buildSettings = {
				ALWAYS_SEARCH_USER_PATHS = NO;
				CLANG_ANALYZER_NONNULL = YES;
				CLANG_ANALYZER_NUMBER_OBJECT_CONVERSION = YES_AGGRESSIVE;
				CLANG_CXX_LANGUAGE_STANDARD = "gnu++14";
				CLANG_CXX_LIBRARY = "libc++";
				CLANG_ENABLE_MODULES = YES;
				CLANG_ENABLE_OBJC_ARC = YES;
				CLANG_ENABLE_OBJC_WEAK = YES;
				CLANG_WARN_BLOCK_CAPTURE_AUTORELEASING = YES;
				CLANG_WARN_BOOL_CONVERSION = YES;
				CLANG_WARN_COMMA = YES;
				CLANG_WARN_CONSTANT_CONVERSION = YES;
				CLANG_WARN_DEPRECATED_OBJC_IMPLEMENTATIONS = YES;
				CLANG_WARN_DIRECT_OBJC_ISA_USAGE = YES_ERROR;
				CLANG_WARN_DOCUMENTATION_COMMENTS = YES;
				CLANG_WARN_EMPTY_BODY = YES;
				CLANG_WARN_ENUM_CONVERSION = YES;
				CLANG_WARN_INFINITE_RECURSION = YES;
				CLANG_WARN_INT_CONVERSION = YES;
				CLANG_WARN_NON_LITERAL_NULL_CONVERSION = YES;
				CLANG_WARN_OBJC_IMPLICIT_RETAIN_SELF = YES;
				CLANG_WARN_OBJC_LITERAL_CONVERSION = YES;
				CLANG_WARN_OBJC_ROOT_CLASS = YES_ERROR;
				CLANG_WARN_RANGE_LOOP_ANALYSIS = YES;
				CLANG_WARN_STRICT_PROTOTYPES = YES;
				CLANG_WARN_SUSPICIOUS_MOVE = YES;
				CLANG_WARN_UNGUARDED_AVAILABILITY = YES_AGGRESSIVE;
				CLANG_WARN_UNREACHABLE_CODE = YES;
				CLANG_WARN__DUPLICATE_METHOD_MATCH = YES;
				COPY_PHASE_STRIP = NO;
				DEBUG_INFORMATION_FORMAT = dwarf;
				ENABLE_STRICT_OBJC_MSGSEND = YES;
				ENABLE_TESTABILITY = YES;
				GCC_C_LANGUAGE_STANDARD = gnu11;
				GCC_DYNAMIC_NO_PIC = NO;
				GCC_NO_COMMON_BLOCKS = YES;
				GCC_OPTIMIZATION_LEVEL = 0;
				GCC_PREPROCESSOR_DEFINITIONS = (
					"DEBUG=1",
					"$(inherited)",
				);
				GCC_WARN_64_TO_32_BIT_CONVERSION = YES;
				GCC_WARN_ABOUT_RETURN_TYPE = YES_ERROR;
				GCC_WARN_UNDECLARED_SELECTOR = YES;
				GCC_WARN_UNINITIALIZED_AUTOS = YES_AGGRESSIVE;
				GCC_WARN_UNUSED_FUNCTION = YES;
				GCC_WARN_UNUSED_VARIABLE = YES;
				IPHONEOS_DEPLOYMENT_TARGET = 13.2;
				MTL_ENABLE_DEBUG_INFO = INCLUDE_SOURCE;
				MTL_FAST_MATH = YES;
				ONLY_ACTIVE_ARCH = YES;
				SDKROOT = iphoneos;
				SWIFT_ACTIVE_COMPILATION_CONDITIONS = DEBUG;
				SWIFT_OPTIMIZATION_LEVEL = "-Onone";
			};
			name = Debug;
		};
		37CC410623A767C200CC1D19 /* Release */ = {
			isa = XCBuildConfiguration;
			buildSettings = {
				ALWAYS_SEARCH_USER_PATHS = NO;
				CLANG_ANALYZER_NONNULL = YES;
				CLANG_ANALYZER_NUMBER_OBJECT_CONVERSION = YES_AGGRESSIVE;
				CLANG_CXX_LANGUAGE_STANDARD = "gnu++14";
				CLANG_CXX_LIBRARY = "libc++";
				CLANG_ENABLE_MODULES = YES;
				CLANG_ENABLE_OBJC_ARC = YES;
				CLANG_ENABLE_OBJC_WEAK = YES;
				CLANG_WARN_BLOCK_CAPTURE_AUTORELEASING = YES;
				CLANG_WARN_BOOL_CONVERSION = YES;
				CLANG_WARN_COMMA = YES;
				CLANG_WARN_CONSTANT_CONVERSION = YES;
				CLANG_WARN_DEPRECATED_OBJC_IMPLEMENTATIONS = YES;
				CLANG_WARN_DIRECT_OBJC_ISA_USAGE = YES_ERROR;
				CLANG_WARN_DOCUMENTATION_COMMENTS = YES;
				CLANG_WARN_EMPTY_BODY = YES;
				CLANG_WARN_ENUM_CONVERSION = YES;
				CLANG_WARN_INFINITE_RECURSION = YES;
				CLANG_WARN_INT_CONVERSION = YES;
				CLANG_WARN_NON_LITERAL_NULL_CONVERSION = YES;
				CLANG_WARN_OBJC_IMPLICIT_RETAIN_SELF = YES;
				CLANG_WARN_OBJC_LITERAL_CONVERSION = YES;
				CLANG_WARN_OBJC_ROOT_CLASS = YES_ERROR;
				CLANG_WARN_RANGE_LOOP_ANALYSIS = YES;
				CLANG_WARN_STRICT_PROTOTYPES = YES;
				CLANG_WARN_SUSPICIOUS_MOVE = YES;
				CLANG_WARN_UNGUARDED_AVAILABILITY = YES_AGGRESSIVE;
				CLANG_WARN_UNREACHABLE_CODE = YES;
				CLANG_WARN__DUPLICATE_METHOD_MATCH = YES;
				COPY_PHASE_STRIP = NO;
				DEBUG_INFORMATION_FORMAT = "dwarf-with-dsym";
				ENABLE_NS_ASSERTIONS = NO;
				ENABLE_STRICT_OBJC_MSGSEND = YES;
				GCC_C_LANGUAGE_STANDARD = gnu11;
				GCC_NO_COMMON_BLOCKS = YES;
				GCC_WARN_64_TO_32_BIT_CONVERSION = YES;
				GCC_WARN_ABOUT_RETURN_TYPE = YES_ERROR;
				GCC_WARN_UNDECLARED_SELECTOR = YES;
				GCC_WARN_UNINITIALIZED_AUTOS = YES_AGGRESSIVE;
				GCC_WARN_UNUSED_FUNCTION = YES;
				GCC_WARN_UNUSED_VARIABLE = YES;
				IPHONEOS_DEPLOYMENT_TARGET = 13.2;
				MTL_ENABLE_DEBUG_INFO = NO;
				MTL_FAST_MATH = YES;
				SDKROOT = iphoneos;
				SWIFT_COMPILATION_MODE = wholemodule;
				SWIFT_OPTIMIZATION_LEVEL = "-O";
				VALIDATE_PRODUCT = YES;
			};
			name = Release;
		};
		37CC410823A767C200CC1D19 /* Debug */ = {
			isa = XCBuildConfiguration;
			buildSettings = {
				ASSETCATALOG_COMPILER_APPICON_NAME = AppIcon;
				CODE_SIGN_STYLE = Automatic;
				DEVELOPMENT_TEAM = C88WF6385D;
				INFOPLIST_FILE = AirService/Info.plist;
				LD_RUNPATH_SEARCH_PATHS = (
					"$(inherited)",
					"@executable_path/Frameworks",
				);
				PRODUCT_BUNDLE_IDENTIFIER = com.philippe.AirService;
				PRODUCT_NAME = "$(TARGET_NAME)";
				SWIFT_VERSION = 5.0;
				TARGETED_DEVICE_FAMILY = "1,2";
			};
			name = Debug;
		};
		37CC410923A767C200CC1D19 /* Release */ = {
			isa = XCBuildConfiguration;
			buildSettings = {
				ASSETCATALOG_COMPILER_APPICON_NAME = AppIcon;
				CODE_SIGN_STYLE = Automatic;
				DEVELOPMENT_TEAM = C88WF6385D;
				INFOPLIST_FILE = AirService/Info.plist;
				LD_RUNPATH_SEARCH_PATHS = (
					"$(inherited)",
					"@executable_path/Frameworks",
				);
				PRODUCT_BUNDLE_IDENTIFIER = com.philippe.AirService;
				PRODUCT_NAME = "$(TARGET_NAME)";
				SWIFT_VERSION = 5.0;
				TARGETED_DEVICE_FAMILY = "1,2";
			};
			name = Release;
		};
		37CC410B23A767C200CC1D19 /* Debug */ = {
			isa = XCBuildConfiguration;
			buildSettings = {
				ALWAYS_EMBED_SWIFT_STANDARD_LIBRARIES = YES;
				BUNDLE_LOADER = "$(TEST_HOST)";
				CODE_SIGN_STYLE = Automatic;
				DEVELOPMENT_TEAM = C88WF6385D;
				INFOPLIST_FILE = AirServiceTests/Info.plist;
				IPHONEOS_DEPLOYMENT_TARGET = 13.2;
				LD_RUNPATH_SEARCH_PATHS = (
					"$(inherited)",
					"@executable_path/Frameworks",
					"@loader_path/Frameworks",
				);
				PRODUCT_BUNDLE_IDENTIFIER = com.philippe.AirServiceTests;
				PRODUCT_NAME = "$(TARGET_NAME)";
				SWIFT_VERSION = 5.0;
				TARGETED_DEVICE_FAMILY = "1,2";
				TEST_HOST = "$(BUILT_PRODUCTS_DIR)/AirService.app/AirService";
			};
			name = Debug;
		};
		37CC410C23A767C200CC1D19 /* Release */ = {
			isa = XCBuildConfiguration;
			buildSettings = {
				ALWAYS_EMBED_SWIFT_STANDARD_LIBRARIES = YES;
				BUNDLE_LOADER = "$(TEST_HOST)";
				CODE_SIGN_STYLE = Automatic;
				DEVELOPMENT_TEAM = C88WF6385D;
				INFOPLIST_FILE = AirServiceTests/Info.plist;
				IPHONEOS_DEPLOYMENT_TARGET = 13.2;
				LD_RUNPATH_SEARCH_PATHS = (
					"$(inherited)",
					"@executable_path/Frameworks",
					"@loader_path/Frameworks",
				);
				PRODUCT_BUNDLE_IDENTIFIER = com.philippe.AirServiceTests;
				PRODUCT_NAME = "$(TARGET_NAME)";
				SWIFT_VERSION = 5.0;
				TARGETED_DEVICE_FAMILY = "1,2";
				TEST_HOST = "$(BUILT_PRODUCTS_DIR)/AirService.app/AirService";
			};
			name = Release;
		};
/* End XCBuildConfiguration section */

/* Begin XCConfigurationList section */
		37CC40E023A767C000CC1D19 /* Build configuration list for PBXProject "AirService" */ = {
			isa = XCConfigurationList;
			buildConfigurations = (
				37CC410523A767C200CC1D19 /* Debug */,
				37CC410623A767C200CC1D19 /* Release */,
			);
			defaultConfigurationIsVisible = 0;
			defaultConfigurationName = Release;
		};
		37CC410723A767C200CC1D19 /* Build configuration list for PBXNativeTarget "AirService" */ = {
			isa = XCConfigurationList;
			buildConfigurations = (
				37CC410823A767C200CC1D19 /* Debug */,
				37CC410923A767C200CC1D19 /* Release */,
			);
			defaultConfigurationIsVisible = 0;
			defaultConfigurationName = Release;
		};
		37CC410A23A767C200CC1D19 /* Build configuration list for PBXNativeTarget "AirServiceTests" */ = {
			isa = XCConfigurationList;
			buildConfigurations = (
				37CC410B23A767C200CC1D19 /* Debug */,
				37CC410C23A767C200CC1D19 /* Release */,
			);
			defaultConfigurationIsVisible = 0;
			defaultConfigurationName = Release;
		};
/* End XCConfigurationList section */

/* Begin XCVersionGroup section */
		37CC40F123A767C000CC1D19 /* AirService.xcdatamodeld */ = {
			isa = XCVersionGroup;
			children = (
				37CC40F223A767C000CC1D19 /* AirService.xcdatamodel */,
			);
			currentVersion = 37CC40F223A767C000CC1D19 /* AirService.xcdatamodel */;
			path = AirService.xcdatamodeld;
			sourceTree = "<group>";
			versionGroupType = wrapper.xcdatamodel;
		};
/* End XCVersionGroup section */
	};
	rootObject = 37CC40DD23A767C000CC1D19 /* Project object */;
}
